Microsoft Visual Studio Solution File, Format Version 11.00
# Visual Studio 2008

Project("{FCFC6752-2531-8FB1-04C3-EE2B50775D73}") = "LD34", "Assembly-CSharp.csproj", "{9B1B6530-80F5-88E3-7481-A34CE97DB28B}"
EndProject
Global
	GlobalSection(SolutionConfigurationPlatforms) = preSolution
		Debug|Any CPU = Debug|Any CPU
		Release|Any CPU = Release|Any CPU
	EndGlobalSection
	GlobalSection(ProjectConfigurationPlatforms) = postSolution
		{9B1B6530-80F5-88E3-7481-A34CE97DB28B}.Debug|Any CPU.ActiveCfg = Debug|Any CPU
		{9B1B6530-80F5-88E3-7481-A34CE97DB28B}.Debug|Any CPU.Build.0 = Debug|Any CPU
		{9B1B6530-80F5-88E3-7481-A34CE97DB28B}.Release|Any CPU.ActiveCfg = Release|Any CPU
		{9B1B6530-80F5-88E3-7481-A34CE97DB28B}.Release|Any CPU.Build.0 = Release|Any CPU
	EndGlobalSection
	GlobalSection(SolutionProperties) = preSolution
		HideSolutionNode = FALSE
	EndGlobalSection
	GlobalSection(MonoDevelopProperties) = preSolution
		StartupItem = Assembly-CSharp.csproj
	EndGlobalSection
EndGlobal
